
Microsoft Visual Studio Solution File, Format Version 12.00
# Visual Studio Version 17
VisualStudioVersion = 17.7.34024.191
MinimumVisualStudioVersion = 10.0.40219.1
Project("{FAE04EC0-301F-11D3-BF4B-00C04F79EFBC}") = "form basligi degistirme", "form basligi degistirme\form basligi degistirme.csproj", "{968EFA04-521C-41B1-BB53-1A7EC7CAACB2}"
EndProject
Global
	GlobalSection(SolutionConfigurationPlatforms) = preSolution
		Debug|Any CPU = Debug|Any CPU
		Release|Any CPU = Release|Any CPU
	EndGlobalSection
	GlobalSection(ProjectConfigurationPlatforms) = postSolution
		{968EFA04-521C-41B1-BB53-1A7EC7CAACB2}.Debug|Any CPU.ActiveCfg = Debug|Any CPU
		{968EFA04-521C-41B1-BB53-1A7EC7CAACB2}.Debug|Any CPU.Build.0 = Debug|Any CPU
		{968EFA04-521C-41B1-BB53-1A7EC7CAACB2}.Release|Any CPU.ActiveCfg = Release|Any CPU
		{968EFA04-521C-41B1-BB53-1A7EC7CAACB2}.Release|Any CPU.Build.0 = Release|Any CPU
	EndGlobalSection
	GlobalSection(SolutionProperties) = preSolution
		HideSolutionNode = FALSE
	EndGlobalSection
	GlobalSection(ExtensibilityGlobals) = postSolution
		SolutionGuid = {1319F392-32AD-4881-9373-A368B1FF6672}
	EndGlobalSection
EndGlobal
